// !$*UTF8*$!
{
	archiveVersion = 1;
	classes = {
	};
	objectVersion = 56;
	objects = {

/* Begin PBXBuildFile section */
		836BEE3A2B047042004B8167 /* PWRecordKit.docc in Sources */ = {isa = PBXBuildFile; fileRef = 836BEE392B047042004B8167 /* PWRecordKit.docc */; };
		836BEE402B047043004B8167 /* PWRecordKit.framework in Frameworks */ = {isa = PBXBuildFile; fileRef = 836BEE352B047042004B8167 /* PWRecordKit.framework */; };
		836BEE452B047043004B8167 /* PWRecordKitTests.swift in Sources */ = {isa = PBXBuildFile; fileRef = 836BEE442B047043004B8167 /* PWRecordKitTests.swift */; };
		836BEE462B047043004B8167 /* PWRecordKit.h in Headers */ = {isa = PBXBuildFile; fileRef = 836BEE382B047042004B8167 /* PWRecordKit.h */; settings = {ATTRIBUTES = (Public, ); }; };
		836ECA402B0485CD008F1034 /* AudioRecorder.swift in Sources */ = {isa = PBXBuildFile; fileRef = 836ECA3F2B0485CD008F1034 /* AudioRecorder.swift */; };
		836ECA432B0490E3008F1034 /* DefaultAudioRecorder.swift in Sources */ = {isa = PBXBuildFile; fileRef = 836ECA422B0490E3008F1034 /* DefaultAudioRecorder.swift */; };
		836ECA4B2B049320008F1034 /* RecordTargetApp.swift in Sources */ = {isa = PBXBuildFile; fileRef = 836ECA4A2B049320008F1034 /* RecordTargetApp.swift */; };
		836ECA4D2B049320008F1034 /* ContentView.swift in Sources */ = {isa = PBXBuildFile; fileRef = 836ECA4C2B049320008F1034 /* ContentView.swift */; };
		836ECA4F2B049321008F1034 /* Assets.xcassets in Resources */ = {isa = PBXBuildFile; fileRef = 836ECA4E2B049321008F1034 /* Assets.xcassets */; };
		836ECA522B049321008F1034 /* Preview Assets.xcassets in Resources */ = {isa = PBXBuildFile; fileRef = 836ECA512B049321008F1034 /* Preview Assets.xcassets */; };
		836ECA572B0493B8008F1034 /* PWRecordKit.framework in Frameworks */ = {isa = PBXBuildFile; fileRef = 836BEE352B047042004B8167 /* PWRecordKit.framework */; };
		836ECA582B0493B8008F1034 /* PWRecordKit.framework in Embed Frameworks */ = {isa = PBXBuildFile; fileRef = 836BEE352B047042004B8167 /* PWRecordKit.framework */; settings = {ATTRIBUTES = (CodeSignOnCopy, RemoveHeadersOnCopy, ); }; };
		836ECA5E2B0493D4008F1034 /* RecordViewModel.swift in Sources */ = {isa = PBXBuildFile; fileRef = 836ECA5D2B0493D4008F1034 /* RecordViewModel.swift */; };
		836ECA632B049A4F008F1034 /* RecordView.swift in Sources */ = {isa = PBXBuildFile; fileRef = 836ECA622B049A4F008F1034 /* RecordView.swift */; };
/* End PBXBuildFile section */

/* Begin PBXContainerItemProxy section */
		836BEE412B047043004B8167 /* PBXContainerItemProxy */ = {
			isa = PBXContainerItemProxy;
			containerPortal = 836BEE2C2B047042004B8167 /* Project object */;
			proxyType = 1;
			remoteGlobalIDString = 836BEE342B047042004B8167;
			remoteInfo = PWRecordKit;
		};
		836ECA592B0493B8008F1034 /* PBXContainerItemProxy */ = {
			isa = PBXContainerItemProxy;
			containerPortal = 836BEE2C2B047042004B8167 /* Project object */;
			proxyType = 1;
			remoteGlobalIDString = 836BEE342B047042004B8167;
			remoteInfo = PWRecordKit;
		};
/* End PBXContainerItemProxy section */

/* Begin PBXCopyFilesBuildPhase section */
		836ECA5B2B0493B8008F1034 /* Embed Frameworks */ = {
			isa = PBXCopyFilesBuildPhase;
			buildActionMask = 2147483647;
			dstPath = "";
			dstSubfolderSpec = 10;
			files = (
				836ECA582B0493B8008F1034 /* PWRecordKit.framework in Embed Frameworks */,
			);
			name = "Embed Frameworks";
			runOnlyForDeploymentPostprocessing = 0;
		};
/* End PBXCopyFilesBuildPhase section */

/* Begin PBXFileReference section */
		836BEE352B047042004B8167 /* PWRecordKit.framework */ = {isa = PBXFileReference; explicitFileType = wrapper.framework; includeInIndex = 0; path = PWRecordKit.framework; sourceTree = BUILT_PRODUCTS_DIR; };
		836BEE382B047042004B8167 /* PWRecordKit.h */ = {isa = PBXFileReference; lastKnownFileType = sourcecode.c.h; path = PWRecordKit.h; sourceTree = "<group>"; };
		836BEE392B047042004B8167 /* PWRecordKit.docc */ = {isa = PBXFileReference; lastKnownFileType = folder.documentationcatalog; path = PWRecordKit.docc; sourceTree = "<group>"; };
		836BEE3F2B047043004B8167 /* PWRecordKitTests.xctest */ = {isa = PBXFileReference; explicitFileType = wrapper.cfbundle; includeInIndex = 0; path = PWRecordKitTests.xctest; sourceTree = BUILT_PRODUCTS_DIR; };
		836BEE442B047043004B8167 /* PWRecordKitTests.swift */ = {isa = PBXFileReference; lastKnownFileType = sourcecode.swift; path = PWRecordKitTests.swift; sourceTree = "<group>"; };
		836ECA3F2B0485CD008F1034 /* AudioRecorder.swift */ = {isa = PBXFileReference; lastKnownFileType = sourcecode.swift; path = AudioRecorder.swift; sourceTree = "<group>"; };
		836ECA422B0490E3008F1034 /* DefaultAudioRecorder.swift */ = {isa = PBXFileReference; lastKnownFileType = sourcecode.swift; path = DefaultAudioRecorder.swift; sourceTree = "<group>"; };
		836ECA482B049320008F1034 /* RecordTarget.app */ = {isa = PBXFileReference; explicitFileType = wrapper.application; includeInIndex = 0; path = RecordTarget.app; sourceTree = BUILT_PRODUCTS_DIR; };
		836ECA4A2B049320008F1034 /* RecordTargetApp.swift */ = {isa = PBXFileReference; lastKnownFileType = sourcecode.swift; path = RecordTargetApp.swift; sourceTree = "<group>"; };
		836ECA4C2B049320008F1034 /* ContentView.swift */ = {isa = PBXFileReference; lastKnownFileType = sourcecode.swift; path = ContentView.swift; sourceTree = "<group>"; };
		836ECA4E2B049321008F1034 /* Assets.xcassets */ = {isa = PBXFileReference; lastKnownFileType = folder.assetcatalog; path = Assets.xcassets; sourceTree = "<group>"; };
		836ECA512B049321008F1034 /* Preview Assets.xcassets */ = {isa = PBXFileReference; lastKnownFileType = folder.assetcatalog; path = "Preview Assets.xcassets"; sourceTree = "<group>"; };
		836ECA5D2B0493D4008F1034 /* RecordViewModel.swift */ = {isa = PBXFileReference; lastKnownFileType = sourcecode.swift; path = RecordViewModel.swift; sourceTree = "<group>"; };
		836ECA622B049A4F008F1034 /* RecordView.swift */ = {isa = PBXFileReference; lastKnownFileType = sourcecode.swift; path = RecordView.swift; sourceTree = "<group>"; };
/* End PBXFileReference section */

/* Begin PBXFrameworksBuildPhase section */
		836BEE322B047042004B8167 /* Frameworks */ = {
			isa = PBXFrameworksBuildPhase;
			buildActionMask = 2147483647;
			files = (
			);
			runOnlyForDeploymentPostprocessing = 0;
		};
		836BEE3C2B047043004B8167 /* Frameworks */ = {
			isa = PBXFrameworksBuildPhase;
			buildActionMask = 2147483647;
			files = (
				836BEE402B047043004B8167 /* PWRecordKit.framework in Frameworks */,
			);
			runOnlyForDeploymentPostprocessing = 0;
		};
		836ECA452B049320008F1034 /* Frameworks */ = {
			isa = PBXFrameworksBuildPhase;
			buildActionMask = 2147483647;
			files = (
				836ECA572B0493B8008F1034 /* PWRecordKit.framework in Frameworks */,
			);
			runOnlyForDeploymentPostprocessing = 0;
		};
/* End PBXFrameworksBuildPhase section */

/* Begin PBXGroup section */
		836BEE2B2B047042004B8167 = {
			isa = PBXGroup;
			children = (
				836BEE372B047042004B8167 /* PWRecordKit */,
				836BEE432B047043004B8167 /* PWRecordKitTests */,
				836ECA492B049320008F1034 /* RecordTarget */,
				836BEE362B047042004B8167 /* Products */,
				836ECA562B0493B8008F1034 /* Frameworks */,
			);
			sourceTree = "<group>";
		};
		836BEE362B047042004B8167 /* Products */ = {
			isa = PBXGroup;
			children = (
				836BEE352B047042004B8167 /* PWRecordKit.framework */,
				836BEE3F2B047043004B8167 /* PWRecordKitTests.xctest */,
				836ECA482B049320008F1034 /* RecordTarget.app */,
			);
			name = Products;
			sourceTree = "<group>";
		};
		836BEE372B047042004B8167 /* PWRecordKit */ = {
			isa = PBXGroup;
			children = (
				836ECA3D2B048585008F1034 /* Record */,
				836BEE382B047042004B8167 /* PWRecordKit.h */,
				836BEE392B047042004B8167 /* PWRecordKit.docc */,
			);
			path = PWRecordKit;
			sourceTree = "<group>";
		};
		836BEE432B047043004B8167 /* PWRecordKitTests */ = {
			isa = PBXGroup;
			children = (
				836BEE442B047043004B8167 /* PWRecordKitTests.swift */,
			);
			path = PWRecordKitTests;
			sourceTree = "<group>";
		};
		836ECA3D2B048585008F1034 /* Record */ = {
			isa = PBXGroup;
			children = (
				836ECA412B0490CF008F1034 /* AudioRecorder */,
				836ECA3E2B048597008F1034 /* Protocols */,
			);
			path = Record;
			sourceTree = "<group>";
		};
		836ECA3E2B048597008F1034 /* Protocols */ = {
			isa = PBXGroup;
			children = (
				836ECA3F2B0485CD008F1034 /* AudioRecorder.swift */,
			);
			path = Protocols;
			sourceTree = "<group>";
		};
		836ECA412B0490CF008F1034 /* AudioRecorder */ = {
			isa = PBXGroup;
			children = (
				836ECA422B0490E3008F1034 /* DefaultAudioRecorder.swift */,
			);
			path = AudioRecorder;
			sourceTree = "<group>";
		};
		836ECA492B049320008F1034 /* RecordTarget */ = {
			isa = PBXGroup;
			children = (
				836ECA5F2B049A34008F1034 /* View */,
				836ECA5C2B0493C6008F1034 /* ViewModel */,
				836ECA4A2B049320008F1034 /* RecordTargetApp.swift */,
				836ECA4C2B049320008F1034 /* ContentView.swift */,
				836ECA4E2B049321008F1034 /* Assets.xcassets */,
				836ECA502B049321008F1034 /* Preview Content */,
			);
			path = RecordTarget;
			sourceTree = "<group>";
		};
		836ECA502B049321008F1034 /* Preview Content */ = {
			isa = PBXGroup;
			children = (
				836ECA512B049321008F1034 /* Preview Assets.xcassets */,
			);
			path = "Preview Content";
			sourceTree = "<group>";
		};
		836ECA562B0493B8008F1034 /* Frameworks */ = {
			isa = PBXGroup;
			children = (
			);
			name = Frameworks;
			sourceTree = "<group>";
		};
		836ECA5C2B0493C6008F1034 /* ViewModel */ = {
			isa = PBXGroup;
			children = (
				836ECA5D2B0493D4008F1034 /* RecordViewModel.swift */,
			);
			path = ViewModel;
			sourceTree = "<group>";
		};
		836ECA5F2B049A34008F1034 /* View */ = {
			isa = PBXGroup;
			children = (
				836ECA622B049A4F008F1034 /* RecordView.swift */,
			);
			path = View;
			sourceTree = "<group>";
		};
/* End PBXGroup section */

/* Begin PBXHeadersBuildPhase section */
		836BEE302B047042004B8167 /* Headers */ = {
			isa = PBXHeadersBuildPhase;
			buildActionMask = 2147483647;
			files = (
				836BEE462B047043004B8167 /* PWRecordKit.h in Headers */,
			);
			runOnlyForDeploymentPostprocessing = 0;
		};
/* End PBXHeadersBuildPhase section */

/* Begin PBXNativeTarget section */
		836BEE342B047042004B8167 /* PWRecordKit */ = {
			isa = PBXNativeTarget;
			buildConfigurationList = 836BEE492B047043004B8167 /* Build configuration list for PBXNativeTarget "PWRecordKit" */;
			buildPhases = (
				836BEE302B047042004B8167 /* Headers */,
				836BEE312B047042004B8167 /* Sources */,
				836BEE322B047042004B8167 /* Frameworks */,
				836BEE332B047042004B8167 /* Resources */,
			);
			buildRules = (
			);
			dependencies = (
			);
			name = PWRecordKit;
			productName = PWRecordKit;
			productReference = 836BEE352B047042004B8167 /* PWRecordKit.framework */;
			productType = "com.apple.product-type.framework";
		};
		836BEE3E2B047043004B8167 /* PWRecordKitTests */ = {
			isa = PBXNativeTarget;
			buildConfigurationList = 836BEE4C2B047043004B8167 /* Build configuration list for PBXNativeTarget "PWRecordKitTests" */;
			buildPhases = (
				836BEE3B2B047043004B8167 /* Sources */,
				836BEE3C2B047043004B8167 /* Frameworks */,
				836BEE3D2B047043004B8167 /* Resources */,
			);
			buildRules = (
			);
			dependencies = (
				836BEE422B047043004B8167 /* PBXTargetDependency */,
			);
			name = PWRecordKitTests;
			productName = PWRecordKitTests;
			productReference = 836BEE3F2B047043004B8167 /* PWRecordKitTests.xctest */;
			productType = "com.apple.product-type.bundle.unit-test";
		};
		836ECA472B049320008F1034 /* RecordTarget */ = {
			isa = PBXNativeTarget;
			buildConfigurationList = 836ECA532B049321008F1034 /* Build configuration list for PBXNativeTarget "RecordTarget" */;
			buildPhases = (
				836ECA442B049320008F1034 /* Sources */,
				836ECA452B049320008F1034 /* Frameworks */,
				836ECA462B049320008F1034 /* Resources */,
				836ECA5B2B0493B8008F1034 /* Embed Frameworks */,
			);
			buildRules = (
			);
			dependencies = (
				836ECA5A2B0493B8008F1034 /* PBXTargetDependency */,
			);
			name = RecordTarget;
			productName = RecordTarget;
			productReference = 836ECA482B049320008F1034 /* RecordTarget.app */;
			productType = "com.apple.product-type.application";
		};
/* End PBXNativeTarget section */

/* Begin PBXProject section */
		836BEE2C2B047042004B8167 /* Project object */ = {
			isa = PBXProject;
			attributes = {
				BuildIndependentTargetsInParallel = 1;
				LastSwiftUpdateCheck = 1500;
				LastUpgradeCheck = 1500;
				TargetAttributes = {
					836BEE342B047042004B8167 = {
						CreatedOnToolsVersion = 15.0.1;
					};
					836BEE3E2B047043004B8167 = {
						CreatedOnToolsVersion = 15.0.1;
					};
					836ECA472B049320008F1034 = {
						CreatedOnToolsVersion = 15.0.1;
					};
				};
			};
			buildConfigurationList = 836BEE2F2B047042004B8167 /* Build configuration list for PBXProject "PWRecordKit" */;
			compatibilityVersion = "Xcode 14.0";
			developmentRegion = en;
			hasScannedForEncodings = 0;
			knownRegions = (
				en,
				Base,
			);
			mainGroup = 836BEE2B2B047042004B8167;
			productRefGroup = 836BEE362B047042004B8167 /* Products */;
			projectDirPath = "";
			projectRoot = "";
			targets = (
				836BEE342B047042004B8167 /* PWRecordKit */,
				836BEE3E2B047043004B8167 /* PWRecordKitTests */,
				836ECA472B049320008F1034 /* RecordTarget */,
			);
		};
/* End PBXProject section */

/* Begin PBXResourcesBuildPhase section */
		836BEE332B047042004B8167 /* Resources */ = {
			isa = PBXResourcesBuildPhase;
			buildActionMask = 2147483647;
			files = (
			);
			runOnlyForDeploymentPostprocessing = 0;
		};
		836BEE3D2B047043004B8167 /* Resources */ = {
			isa = PBXResourcesBuildPhase;
			buildActionMask = 2147483647;
			files = (
			);
			runOnlyForDeploymentPostprocessing = 0;
		};
		836ECA462B049320008F1034 /* Resources */ = {
			isa = PBXResourcesBuildPhase;
			buildActionMask = 2147483647;
			files = (
				836ECA522B049321008F1034 /* Preview Assets.xcassets in Resources */,
				836ECA4F2B049321008F1034 /* Assets.xcassets in Resources */,
			);
			runOnlyForDeploymentPostprocessing = 0;
		};
/* End PBXResourcesBuildPhase section */

/* Begin PBXSourcesBuildPhase section */
		836BEE312B047042004B8167 /* Sources */ = {
			isa = PBXSourcesBuildPhase;
			buildActionMask = 2147483647;
			files = (
				836ECA402B0485CD008F1034 /* AudioRecorder.swift in Sources */,
				836ECA432B0490E3008F1034 /* DefaultAudioRecorder.swift in Sources */,
				836BEE3A2B047042004B8167 /* PWRecordKit.docc in Sources */,
			);
			runOnlyForDeploymentPostprocessing = 0;
		};
		836BEE3B2B047043004B8167 /* Sources */ = {
			isa = PBXSourcesBuildPhase;
			buildActionMask = 2147483647;
			files = (
				836BEE452B047043004B8167 /* PWRecordKitTests.swift in Sources */,
			);
			runOnlyForDeploymentPostprocessing = 0;
		};
		836ECA442B049320008F1034 /* Sources */ = {
			isa = PBXSourcesBuildPhase;
			buildActionMask = 2147483647;
			files = (
				836ECA4D2B049320008F1034 /* ContentView.swift in Sources */,
				836ECA632B049A4F008F1034 /* RecordView.swift in Sources */,
				836ECA4B2B049320008F1034 /* RecordTargetApp.swift in Sources */,
				836ECA5E2B0493D4008F1034 /* RecordViewModel.swift in Sources */,
			);
			runOnlyForDeploymentPostprocessing = 0;
		};
/* End PBXSourcesBuildPhase section */

/* Begin PBXTargetDependency section */
		836BEE422B047043004B8167 /* PBXTargetDependency */ = {
			isa = PBXTargetDependency;
			target = 836BEE342B047042004B8167 /* PWRecordKit */;
			targetProxy = 836BEE412B047043004B8167 /* PBXContainerItemProxy */;
		};
		836ECA5A2B0493B8008F1034 /* PBXTargetDependency */ = {
			isa = PBXTargetDependency;
			target = 836BEE342B047042004B8167 /* PWRecordKit */;
			targetProxy = 836ECA592B0493B8008F1034 /* PBXContainerItemProxy */;
		};
/* End PBXTargetDependency section */

/* Begin XCBuildConfiguration section */
		836BEE472B047043004B8167 /* Debug */ = {
			isa = XCBuildConfiguration;
			buildSettings = {
				ALWAYS_SEARCH_USER_PATHS = NO;
				ASSETCATALOG_COMPILER_GENERATE_SWIFT_ASSET_SYMBOL_EXTENSIONS = YES;
				BUILD_LIBRARY_FOR_DISTRIBUTION = NO;
				CLANG_ANALYZER_NONNULL = YES;
				CLANG_ANALYZER_NUMBER_OBJECT_CONVERSION = YES_AGGRESSIVE;
				CLANG_CXX_LANGUAGE_STANDARD = "gnu++20";
				CLANG_ENABLE_MODULES = YES;
				CLANG_ENABLE_OBJC_ARC = YES;
				CLANG_ENABLE_OBJC_WEAK = YES;
				CLANG_WARN_BLOCK_CAPTURE_AUTORELEASING = YES;
				CLANG_WARN_BOOL_CONVERSION = YES;
				CLANG_WARN_COMMA = YES;
				CLANG_WARN_CONSTANT_CONVERSION = YES;
				CLANG_WARN_DEPRECATED_OBJC_IMPLEMENTATIONS = YES;
				CLANG_WARN_DIRECT_OBJC_ISA_USAGE = YES_ERROR;
				CLANG_WARN_DOCUMENTATION_COMMENTS = YES;
				CLANG_WARN_EMPTY_BODY = YES;
				CLANG_WARN_ENUM_CONVERSION = YES;
				CLANG_WARN_INFINITE_RECURSION = YES;
				CLANG_WARN_INT_CONVERSION = YES;
				CLANG_WARN_NON_LITERAL_NULL_CONVERSION = YES;
				CLANG_WARN_OBJC_IMPLICIT_RETAIN_SELF = YES;
				CLANG_WARN_OBJC_LITERAL_CONVERSION = YES;
				CLANG_WARN_OBJC_ROOT_CLASS = YES_ERROR;
				CLANG_WARN_QUOTED_INCLUDE_IN_FRAMEWORK_HEADER = YES;
				CLANG_WARN_RANGE_LOOP_ANALYSIS = YES;
				CLANG_WARN_STRICT_PROTOTYPES = YES;
				CLANG_WARN_SUSPICIOUS_MOVE = YES;
				CLANG_WARN_UNGUARDED_AVAILABILITY = YES_AGGRESSIVE;
				CLANG_WARN_UNREACHABLE_CODE = YES;
				CLANG_WARN__DUPLICATE_METHOD_MATCH = YES;
				COPY_PHASE_STRIP = NO;
				CURRENT_PROJECT_VERSION = 1;
				DEBUG_INFORMATION_FORMAT = dwarf;
				ENABLE_STRICT_OBJC_MSGSEND = YES;
				ENABLE_TESTABILITY = YES;
				ENABLE_USER_SCRIPT_SANDBOXING = YES;
				GCC_C_LANGUAGE_STANDARD = gnu17;
				GCC_DYNAMIC_NO_PIC = NO;
				GCC_NO_COMMON_BLOCKS = YES;
				GCC_OPTIMIZATION_LEVEL = 0;
				GCC_PREPROCESSOR_DEFINITIONS = (
					"DEBUG=1",
					"$(inherited)",
				);
				GCC_WARN_64_TO_32_BIT_CONVERSION = YES;
				GCC_WARN_ABOUT_RETURN_TYPE = YES_ERROR;
				GCC_WARN_UNDECLARED_SELECTOR = YES;
				GCC_WARN_UNINITIALIZED_AUTOS = YES_AGGRESSIVE;
				GCC_WARN_UNUSED_FUNCTION = YES;
				GCC_WARN_UNUSED_VARIABLE = YES;
				IPHONEOS_DEPLOYMENT_TARGET = 17.0;
				LOCALIZATION_PREFERS_STRING_CATALOGS = YES;
				MTL_ENABLE_DEBUG_INFO = INCLUDE_SOURCE;
				MTL_FAST_MATH = YES;
				ONLY_ACTIVE_ARCH = YES;
				SDKROOT = iphoneos;
				SWIFT_ACTIVE_COMPILATION_CONDITIONS = "DEBUG $(inherited)";
				SWIFT_OPTIMIZATION_LEVEL = "-Onone";
				VERSIONING_SYSTEM = "apple-generic";
				VERSION_INFO_PREFIX = "";
			};
			name = Debug;
		};
		836BEE482B047043004B8167 /* Release */ = {
			isa = XCBuildConfiguration;
			buildSettings = {
				ALWAYS_SEARCH_USER_PATHS = NO;
				ASSETCATALOG_COMPILER_GENERATE_SWIFT_ASSET_SYMBOL_EXTENSIONS = YES;
				BUILD_LIBRARY_FOR_DISTRIBUTION = NO;
				CLANG_ANALYZER_NONNULL = YES;
				CLANG_ANALYZER_NUMBER_OBJECT_CONVERSION = YES_AGGRESSIVE;
				CLANG_CXX_LANGUAGE_STANDARD = "gnu++20";
				CLANG_ENABLE_MODULES = YES;
				CLANG_ENABLE_OBJC_ARC = YES;
				CLANG_ENABLE_OBJC_WEAK = YES;
				CLANG_WARN_BLOCK_CAPTURE_AUTORELEASING = YES;
				CLANG_WARN_BOOL_CONVERSION = YES;
				CLANG_WARN_COMMA = YES;
				CLANG_WARN_CONSTANT_CONVERSION = YES;
				CLANG_WARN_DEPRECATED_OBJC_IMPLEMENTATIONS = YES;
				CLANG_WARN_DIRECT_OBJC_ISA_USAGE = YES_ERROR;
				CLANG_WARN_DOCUMENTATION_COMMENTS = YES;
				CLANG_WARN_EMPTY_BODY = YES;
				CLANG_WARN_ENUM_CONVERSION = YES;
				CLANG_WARN_INFINITE_RECURSION = YES;
				CLANG_WARN_INT_CONVERSION = YES;
				CLANG_WARN_NON_LITERAL_NULL_CONVERSION = YES;
				CLANG_WARN_OBJC_IMPLICIT_RETAIN_SELF = YES;
				CLANG_WARN_OBJC_LITERAL_CONVERSION = YES;
				CLANG_WARN_OBJC_ROOT_CLASS = YES_ERROR;
				CLANG_WARN_QUOTED_INCLUDE_IN_FRAMEWORK_HEADER = YES;
				CLANG_WARN_RANGE_LOOP_ANALYSIS = YES;
				CLANG_WARN_STRICT_PROTOTYPES = YES;
				CLANG_WARN_SUSPICIOUS_MOVE = YES;
				CLANG_WARN_UNGUARDED_AVAILABILITY = YES_AGGRESSIVE;
				CLANG_WARN_UNREACHABLE_CODE = YES;
				CLANG_WARN__DUPLICATE_METHOD_MATCH = YES;
				COPY_PHASE_STRIP = NO;
				CURRENT_PROJECT_VERSION = 1;
				DEBUG_INFORMATION_FORMAT = "dwarf-with-dsym";
				ENABLE_NS_ASSERTIONS = NO;
				ENABLE_STRICT_OBJC_MSGSEND = YES;
				ENABLE_USER_SCRIPT_SANDBOXING = YES;
				GCC_C_LANGUAGE_STANDARD = gnu17;
				GCC_NO_COMMON_BLOCKS = YES;
				GCC_WARN_64_TO_32_BIT_CONVERSION = YES;
				GCC_WARN_ABOUT_RETURN_TYPE = YES_ERROR;
				GCC_WARN_UNDECLARED_SELECTOR = YES;
				GCC_WARN_UNINITIALIZED_AUTOS = YES_AGGRESSIVE;
				GCC_WARN_UNUSED_FUNCTION = YES;
				GCC_WARN_UNUSED_VARIABLE = YES;
				IPHONEOS_DEPLOYMENT_TARGET = 17.0;
				LOCALIZATION_PREFERS_STRING_CATALOGS = YES;
				MTL_ENABLE_DEBUG_INFO = NO;
				MTL_FAST_MATH = YES;
				SDKROOT = iphoneos;
				SWIFT_COMPILATION_MODE = wholemodule;
				VALIDATE_PRODUCT = YES;
				VERSIONING_SYSTEM = "apple-generic";
				VERSION_INFO_PREFIX = "";
			};
			name = Release;
		};
		836BEE4A2B047043004B8167 /* Debug */ = {
			isa = XCBuildConfiguration;
			buildSettings = {
				BUILD_LIBRARY_FOR_DISTRIBUTION = YES;
				CODE_SIGN_STYLE = Automatic;
				CURRENT_PROJECT_VERSION = 1;
				DEFINES_MODULE = YES;
				DEVELOPMENT_TEAM = ERT3ZH7BA7;
				DYLIB_COMPATIBILITY_VERSION = 1;
				DYLIB_CURRENT_VERSION = 1;
				DYLIB_INSTALL_NAME_BASE = "@rpath";
				ENABLE_MODULE_VERIFIER = YES;
				GENERATE_INFOPLIST_FILE = YES;
				INFOPLIST_KEY_NSHumanReadableCopyright = "";
				INSTALL_PATH = "$(LOCAL_LIBRARY_DIR)/Frameworks";
				LD_RUNPATH_SEARCH_PATHS = (
					"$(inherited)",
					"@executable_path/Frameworks",
					"@loader_path/Frameworks",
				);
				MARKETING_VERSION = 1.0;
				MODULE_VERIFIER_SUPPORTED_LANGUAGES = "objective-c objective-c++";
				MODULE_VERIFIER_SUPPORTED_LANGUAGE_STANDARDS = "gnu17 gnu++20";
				PRODUCT_BUNDLE_IDENTIFIER = com.polywinterdisign.PWRecordKit;
				PRODUCT_NAME = "$(TARGET_NAME:c99extidentifier)";
				SKIP_INSTALL = YES;
				SWIFT_EMIT_LOC_STRINGS = YES;
				SWIFT_VERSION = 5.0;
				TARGETED_DEVICE_FAMILY = "1,2";
			};
			name = Debug;
		};
		836BEE4B2B047043004B8167 /* Release */ = {
			isa = XCBuildConfiguration;
			buildSettings = {
				BUILD_LIBRARY_FOR_DISTRIBUTION = YES;
				CODE_SIGN_STYLE = Automatic;
				CURRENT_PROJECT_VERSION = 1;
				DEFINES_MODULE = YES;
				DEVELOPMENT_TEAM = ERT3ZH7BA7;
				DYLIB_COMPATIBILITY_VERSION = 1;
				DYLIB_CURRENT_VERSION = 1;
				DYLIB_INSTALL_NAME_BASE = "@rpath";
				ENABLE_MODULE_VERIFIER = YES;
				GENERATE_INFOPLIST_FILE = YES;
				INFOPLIST_KEY_NSHumanReadableCopyright = "";
				INSTALL_PATH = "$(LOCAL_LIBRARY_DIR)/Frameworks";
				LD_RUNPATH_SEARCH_PATHS = (
					"$(inherited)",
					"@executable_path/Frameworks",
					"@loader_path/Frameworks",
				);
				MARKETING_VERSION = 1.0;
				MODULE_VERIFIER_SUPPORTED_LANGUAGES = "objective-c objective-c++";
				MODULE_VERIFIER_SUPPORTED_LANGUAGE_STANDARDS = "gnu17 gnu++20";
				PRODUCT_BUNDLE_IDENTIFIER = com.polywinterdisign.PWRecordKit;
				PRODUCT_NAME = "$(TARGET_NAME:c99extidentifier)";
				SKIP_INSTALL = YES;
				SWIFT_EMIT_LOC_STRINGS = YES;
				SWIFT_VERSION = 5.0;
				TARGETED_DEVICE_FAMILY = "1,2";
			};
			name = Release;
		};
		836BEE4D2B047043004B8167 /* Debug */ = {
			isa = XCBuildConfiguration;
			buildSettings = {
				ALWAYS_EMBED_SWIFT_STANDARD_LIBRARIES = YES;
				CODE_SIGN_STYLE = Automatic;
				CURRENT_PROJECT_VERSION = 1;
				DEVELOPMENT_TEAM = ERT3ZH7BA7;
				GENERATE_INFOPLIST_FILE = YES;
				MARKETING_VERSION = 1.0;
				PRODUCT_BUNDLE_IDENTIFIER = com.polywinterdisign.PWRecordKitTests;
				PRODUCT_NAME = "$(TARGET_NAME)";
				SWIFT_EMIT_LOC_STRINGS = NO;
				SWIFT_VERSION = 5.0;
				TARGETED_DEVICE_FAMILY = "1,2";
			};
			name = Debug;
		};
		836BEE4E2B047043004B8167 /* Release */ = {
			isa = XCBuildConfiguration;
			buildSettings = {
				ALWAYS_EMBED_SWIFT_STANDARD_LIBRARIES = YES;
				CODE_SIGN_STYLE = Automatic;
				CURRENT_PROJECT_VERSION = 1;
				DEVELOPMENT_TEAM = ERT3ZH7BA7;
				GENERATE_INFOPLIST_FILE = YES;
				MARKETING_VERSION = 1.0;
				PRODUCT_BUNDLE_IDENTIFIER = com.polywinterdisign.PWRecordKitTests;
				PRODUCT_NAME = "$(TARGET_NAME)";
				SWIFT_EMIT_LOC_STRINGS = NO;
				SWIFT_VERSION = 5.0;
				TARGETED_DEVICE_FAMILY = "1,2";
			};
			name = Release;
		};
		836ECA542B049321008F1034 /* Debug */ = {
			isa = XCBuildConfiguration;
			buildSettings = {
				ASSETCATALOG_COMPILER_APPICON_NAME = AppIcon;
				ASSETCATALOG_COMPILER_GLOBAL_ACCENT_COLOR_NAME = AccentColor;
				CODE_SIGN_STYLE = Automatic;
				CURRENT_PROJECT_VERSION = 1;
				DEVELOPMENT_ASSET_PATHS = "\"RecordTarget/Preview Content\"";
				DEVELOPMENT_TEAM = ERT3ZH7BA7;
				ENABLE_PREVIEWS = YES;
				GENERATE_INFOPLIST_FILE = YES;
				INFOPLIST_KEY_NSMicrophoneUsageDescription = "A message that tells the user why the app is requesting access to the device’s microphone.";
				INFOPLIST_KEY_UIApplicationSceneManifest_Generation = YES;
				INFOPLIST_KEY_UIApplicationSupportsIndirectInputEvents = YES;
				INFOPLIST_KEY_UILaunchScreen_Generation = YES;
				INFOPLIST_KEY_UISupportedInterfaceOrientations_iPad = "UIInterfaceOrientationPortrait UIInterfaceOrientationPortraitUpsideDown UIInterfaceOrientationLandscapeLeft UIInterfaceOrientationLandscapeRight";
				INFOPLIST_KEY_UISupportedInterfaceOrientations_iPhone = "UIInterfaceOrientationPortrait UIInterfaceOrientationLandscapeLeft UIInterfaceOrientationLandscapeRight";
				LD_RUNPATH_SEARCH_PATHS = (
					"$(inherited)",
					"@executable_path/Frameworks",
				);
				MARKETING_VERSION = 1.0;
				PRODUCT_BUNDLE_IDENTIFIER = com.polywinterdisign.RecordTarget;
				PRODUCT_NAME = "$(TARGET_NAME)";
				SWIFT_EMIT_LOC_STRINGS = YES;
				SWIFT_VERSION = 5.0;
				TARGETED_DEVICE_FAMILY = "1,2";
			};
			name = Debug;
		};
		836ECA552B049321008F1034 /* Release */ = {
			isa = XCBuildConfiguration;
			buildSettings = {
				ASSETCATALOG_COMPILER_APPICON_NAME = AppIcon;
				ASSETCATALOG_COMPILER_GLOBAL_ACCENT_COLOR_NAME = AccentColor;
				CODE_SIGN_STYLE = Automatic;
				CURRENT_PROJECT_VERSION = 1;
				DEVELOPMENT_ASSET_PATHS = "\"RecordTarget/Preview Content\"";
				DEVELOPMENT_TEAM = ERT3ZH7BA7;
				ENABLE_PREVIEWS = YES;
				GENERATE_INFOPLIST_FILE = YES;
				INFOPLIST_KEY_NSMicrophoneUsageDescription = "A message that tells the user why the app is requesting access to the device’s microphone.";
				INFOPLIST_KEY_UIApplicationSceneManifest_Generation = YES;
				INFOPLIST_KEY_UIApplicationSupportsIndirectInputEvents = YES;
				INFOPLIST_KEY_UILaunchScreen_Generation = YES;
				INFOPLIST_KEY_UISupportedInterfaceOrientations_iPad = "UIInterfaceOrientationPortrait UIInterfaceOrientationPortraitUpsideDown UIInterfaceOrientationLandscapeLeft UIInterfaceOrientationLandscapeRight";
				INFOPLIST_KEY_UISupportedInterfaceOrientations_iPhone = "UIInterfaceOrientationPortrait UIInterfaceOrientationLandscapeLeft UIInterfaceOrientationLandscapeRight";
				LD_RUNPATH_SEARCH_PATHS = (
					"$(inherited)",
					"@executable_path/Frameworks",
				);
				MARKETING_VERSION = 1.0;
				PRODUCT_BUNDLE_IDENTIFIER = com.polywinterdisign.RecordTarget;
				PRODUCT_NAME = "$(TARGET_NAME)";
				SWIFT_EMIT_LOC_STRINGS = YES;
				SWIFT_VERSION = 5.0;
				TARGETED_DEVICE_FAMILY = "1,2";
			};
			name = Release;
		};
/* End XCBuildConfiguration section */

/* Begin XCConfigurationList section */
		836BEE2F2B047042004B8167 /* Build configuration list for PBXProject "PWRecordKit" */ = {
			isa = XCConfigurationList;
			buildConfigurations = (
				836BEE472B047043004B8167 /* Debug */,
				836BEE482B047043004B8167 /* Release */,
			);
			defaultConfigurationIsVisible = 0;
			defaultConfigurationName = Release;
		};
		836BEE492B047043004B8167 /* Build configuration list for PBXNativeTarget "PWRecordKit" */ = {
			isa = XCConfigurationList;
			buildConfigurations = (
				836BEE4A2B047043004B8167 /* Debug */,
				836BEE4B2B047043004B8167 /* Release */,
			);
			defaultConfigurationIsVisible = 0;
			defaultConfigurationName = Release;
		};
		836BEE4C2B047043004B8167 /* Build configuration list for PBXNativeTarget "PWRecordKitTests" */ = {
			isa = XCConfigurationList;
			buildConfigurations = (
				836BEE4D2B047043004B8167 /* Debug */,
				836BEE4E2B047043004B8167 /* Release */,
			);
			defaultConfigurationIsVisible = 0;
			defaultConfigurationName = Release;
		};
		836ECA532B049321008F1034 /* Build configuration list for PBXNativeTarget "RecordTarget" */ = {
			isa = XCConfigurationList;
			buildConfigurations = (
				836ECA542B049321008F1034 /* Debug */,
				836ECA552B049321008F1034 /* Release */,
			);
			defaultConfigurationIsVisible = 0;
			defaultConfigurationName = Release;
		};
/* End XCConfigurationList section */
	};
	rootObject = 836BEE2C2B047042004B8167 /* Project object */;
}
